
Microsoft Visual Studio Solution File, Format Version 12.00
# Visual Studio Version 16
VisualStudioVersion = 16.0.31129.286
MinimumVisualStudioVersion = 10.0.40219.1
Project("{FAE04EC0-301F-11D3-BF4B-00C04F79EFBC}") = "GerenciadorDeContato.ClassLibrary", "GerenciadorDeContato.ClassLibrary.csproj", "{8F94FE1C-0C43-4C44-A660-641BAF4E25DD}"
EndProject
Project("{FAE04EC0-301F-11D3-BF4B-00C04F79EFBC}") = "GerenciadorDeContato.UnitTest", "..\GerenciadorDeContato.UnitTest\GerenciadorDeContato.UnitTest.csproj", "{FD218DB4-25D9-4442-A1D7-10174FA16515}"
EndProject
Project("{FAE04EC0-301F-11D3-BF4B-00C04F79EFBC}") = "GerenciadorDeContato.ConsoleApp", "..\GerenciadorDeContato.ConsoleApp\GerenciadorDeContato.ConsoleApp.csproj", "{C7BA4AB4-F7AB-43C8-8117-ECC925DBECF8}"
EndProject
Global
	GlobalSection(SolutionConfigurationPlatforms) = preSolution
		Debug|Any CPU = Debug|Any CPU
		Release|Any CPU = Release|Any CPU
	EndGlobalSection
	GlobalSection(ProjectConfigurationPlatforms) = postSolution
		{8F94FE1C-0C43-4C44-A660-641BAF4E25DD}.Debug|Any CPU.ActiveCfg = Debug|Any CPU
		{8F94FE1C-0C43-4C44-A660-641BAF4E25DD}.Debug|Any CPU.Build.0 = Debug|Any CPU
		{8F94FE1C-0C43-4C44-A660-641BAF4E25DD}.Release|Any CPU.ActiveCfg = Release|Any CPU
		{8F94FE1C-0C43-4C44-A660-641BAF4E25DD}.Release|Any CPU.Build.0 = Release|Any CPU
		{FD218DB4-25D9-4442-A1D7-10174FA16515}.Debug|Any CPU.ActiveCfg = Debug|Any CPU
		{FD218DB4-25D9-4442-A1D7-10174FA16515}.Debug|Any CPU.Build.0 = Debug|Any CPU
		{FD218DB4-25D9-4442-A1D7-10174FA16515}.Release|Any CPU.ActiveCfg = Release|Any CPU
		{FD218DB4-25D9-4442-A1D7-10174FA16515}.Release|Any CPU.Build.0 = Release|Any CPU
		{C7BA4AB4-F7AB-43C8-8117-ECC925DBECF8}.Debug|Any CPU.ActiveCfg = Debug|Any CPU
		{C7BA4AB4-F7AB-43C8-8117-ECC925DBECF8}.Debug|Any CPU.Build.0 = Debug|Any CPU
		{C7BA4AB4-F7AB-43C8-8117-ECC925DBECF8}.Release|Any CPU.ActiveCfg = Release|Any CPU
		{C7BA4AB4-F7AB-43C8-8117-ECC925DBECF8}.Release|Any CPU.Build.0 = Release|Any CPU
	EndGlobalSection
	GlobalSection(SolutionProperties) = preSolution
		HideSolutionNode = FALSE
	EndGlobalSection
	GlobalSection(ExtensibilityGlobals) = postSolution
		SolutionGuid = {3B200905-5E4C-461F-8DAB-C7A1B27E260C}
	EndGlobalSection
EndGlobal
